
Microsoft Visual Studio Solution File, Format Version 12.00
# Visual Studio Version 17
VisualStudioVersion = 17.4.33205.214
MinimumVisualStudioVersion = 10.0.40219.1
Project("{FAE04EC0-301F-11D3-BF4B-00C04F79EFBC}") = "2023.09.20 - GitProject", "2023.09.20 - GitProject\2023.09.20 - GitProject.csproj", "{65594DA4-E1BE-42CF-8CC9-F9CF662F3430}"
EndProject
Global
	GlobalSection(SolutionConfigurationPlatforms) = preSolution
		Debug|Any CPU = Debug|Any CPU
		Release|Any CPU = Release|Any CPU
	EndGlobalSection
	GlobalSection(ProjectConfigurationPlatforms) = postSolution
		{65594DA4-E1BE-42CF-8CC9-F9CF662F3430}.Debug|Any CPU.ActiveCfg = Debug|Any CPU
		{65594DA4-E1BE-42CF-8CC9-F9CF662F3430}.Debug|Any CPU.Build.0 = Debug|Any CPU
		{65594DA4-E1BE-42CF-8CC9-F9CF662F3430}.Release|Any CPU.ActiveCfg = Release|Any CPU
		{65594DA4-E1BE-42CF-8CC9-F9CF662F3430}.Release|Any CPU.Build.0 = Release|Any CPU
	EndGlobalSection
	GlobalSection(SolutionProperties) = preSolution
		HideSolutionNode = FALSE
	EndGlobalSection
	GlobalSection(ExtensibilityGlobals) = postSolution
		SolutionGuid = {037A9E24-A9B7-4FCB-8D86-F75870C4E271}
	EndGlobalSection
EndGlobal
